
Microsoft Visual Studio Solution File, Format Version 12.00
# Visual Studio Version 17
VisualStudioVersion = 17.8.34511.84
MinimumVisualStudioVersion = 10.0.40219.1
Project("{9A19103F-16F7-4668-BE54-9A1E7A4F7556}") = "API", "SMS\API.csproj", "{5BC3EE9B-B99B-4E9A-B703-FE4F59C31690}"
EndProject
Project("{9A19103F-16F7-4668-BE54-9A1E7A4F7556}") = "Repository", "Repository\Repository.csproj", "{B75BE3D8-08DA-4496-9D41-81F2C0322096}"
EndProject
Project("{9A19103F-16F7-4668-BE54-9A1E7A4F7556}") = "Services", "Services\Services.csproj", "{A43EA684-2B08-433A-9482-887935E963E2}"
EndProject
Project("{9A19103F-16F7-4668-BE54-9A1E7A4F7556}") = "DataContext", "DataContext\DataContext.csproj", "{7F911013-CB62-484F-B056-D1C34F8A2A9F}"
EndProject
Project("{9A19103F-16F7-4668-BE54-9A1E7A4F7556}") = "Models", "Models\Models.csproj", "{3B9A59B0-F22B-48BF-A9F0-7A733E174E87}"
EndProject
Project("{FAE04EC0-301F-11D3-BF4B-00C04F79EFBC}") = "Common", "Common\Common.csproj", "{B39DA53D-8A64-4584-8107-423BBA275981}"
EndProject
Global
	GlobalSection(SolutionConfigurationPlatforms) = preSolution
		Debug|Any CPU = Debug|Any CPU
		Release|Any CPU = Release|Any CPU
	EndGlobalSection
	GlobalSection(ProjectConfigurationPlatforms) = postSolution
		{5BC3EE9B-B99B-4E9A-B703-FE4F59C31690}.Debug|Any CPU.ActiveCfg = Debug|Any CPU
		{5BC3EE9B-B99B-4E9A-B703-FE4F59C31690}.Debug|Any CPU.Build.0 = Debug|Any CPU
		{5BC3EE9B-B99B-4E9A-B703-FE4F59C31690}.Release|Any CPU.ActiveCfg = Release|Any CPU
		{5BC3EE9B-B99B-4E9A-B703-FE4F59C31690}.Release|Any CPU.Build.0 = Release|Any CPU
		{B75BE3D8-08DA-4496-9D41-81F2C0322096}.Debug|Any CPU.ActiveCfg = Debug|Any CPU
		{B75BE3D8-08DA-4496-9D41-81F2C0322096}.Debug|Any CPU.Build.0 = Debug|Any CPU
		{B75BE3D8-08DA-4496-9D41-81F2C0322096}.Release|Any CPU.ActiveCfg = Release|Any CPU
		{B75BE3D8-08DA-4496-9D41-81F2C0322096}.Release|Any CPU.Build.0 = Release|Any CPU
		{A43EA684-2B08-433A-9482-887935E963E2}.Debug|Any CPU.ActiveCfg = Debug|Any CPU
		{A43EA684-2B08-433A-9482-887935E963E2}.Debug|Any CPU.Build.0 = Debug|Any CPU
		{A43EA684-2B08-433A-9482-887935E963E2}.Release|Any CPU.ActiveCfg = Release|Any CPU
		{A43EA684-2B08-433A-9482-887935E963E2}.Release|Any CPU.Build.0 = Release|Any CPU
		{7F911013-CB62-484F-B056-D1C34F8A2A9F}.Debug|Any CPU.ActiveCfg = Debug|Any CPU
		{7F911013-CB62-484F-B056-D1C34F8A2A9F}.Debug|Any CPU.Build.0 = Debug|Any CPU
		{7F911013-CB62-484F-B056-D1C34F8A2A9F}.Release|Any CPU.ActiveCfg = Release|Any CPU
		{7F911013-CB62-484F-B056-D1C34F8A2A9F}.Release|Any CPU.Build.0 = Release|Any CPU
		{3B9A59B0-F22B-48BF-A9F0-7A733E174E87}.Debug|Any CPU.ActiveCfg = Debug|Any CPU
		{3B9A59B0-F22B-48BF-A9F0-7A733E174E87}.Debug|Any CPU.Build.0 = Debug|Any CPU
		{3B9A59B0-F22B-48BF-A9F0-7A733E174E87}.Release|Any CPU.ActiveCfg = Release|Any CPU
		{3B9A59B0-F22B-48BF-A9F0-7A733E174E87}.Release|Any CPU.Build.0 = Release|Any CPU
		{B39DA53D-8A64-4584-8107-423BBA275981}.Debug|Any CPU.ActiveCfg = Debug|Any CPU
		{B39DA53D-8A64-4584-8107-423BBA275981}.Debug|Any CPU.Build.0 = Debug|Any CPU
		{B39DA53D-8A64-4584-8107-423BBA275981}.Release|Any CPU.ActiveCfg = Release|Any CPU
		{B39DA53D-8A64-4584-8107-423BBA275981}.Release|Any CPU.Build.0 = Release|Any CPU
	EndGlobalSection
	GlobalSection(SolutionProperties) = preSolution
		HideSolutionNode = FALSE
	EndGlobalSection
	GlobalSection(ExtensibilityGlobals) = postSolution
		SolutionGuid = {1F05B97B-7D1C-4F4F-8C4E-0DE06E7F0AC9}
	EndGlobalSection
EndGlobal
